
Microsoft Visual Studio Solution File, Format Version 11.00
# Visual C# Express 2010
Project("{FAE04EC0-301F-11D3-BF4B-00C04F79EFBC}") = "TowerDefenseGame", "TowerDefenseGame\TowerDefenseGame\TowerDefenseGame.csproj", "{E1E570FE-2ECB-4AAE-A04A-E2CB9038D229}"
EndProject
Project("{FAE04EC0-301F-11D3-BF4B-00C04F79EFBC}") = "TowerDefenseGameContent", "TowerDefenseGame\TowerDefenseGameContent\TowerDefenseGameContent.contentproj", "{0F5853B0-FD05-4C1E-B65F-1975F277BBC8}"
EndProject
Project("{FAE04EC0-301F-11D3-BF4B-00C04F79EFBC}") = "BanPhiThuyen", "..\BanPhiThuyen\BanPhiThuyen\BanPhiThuyen\BanPhiThuyen.csproj", "{8E593728-54C7-4CD0-923B-D4B2237E8D03}"
EndProject
Project("{FAE04EC0-301F-11D3-BF4B-00C04F79EFBC}") = "BanPhiThuyenContent", "..\BanPhiThuyen\BanPhiThuyen\BanPhiThuyenContent\BanPhiThuyenContent.contentproj", "{1B8244FC-6B59-4FAA-A1A6-CA0510BADF1A}"
EndProject
Project("{FAE04EC0-301F-11D3-BF4B-00C04F79EFBC}") = "Demo2", "..\MyGameDemo\MyGameDemo\MyGameDemo\Demo2.csproj", "{12FB1AE5-C713-4DB0-B059-27A7E4B273EE}"
EndProject
Project("{FAE04EC0-301F-11D3-BF4B-00C04F79EFBC}") = "MyGameDemoContent", "..\MyGameDemo\MyGameDemo\MyGameDemoContent\MyGameDemoContent.contentproj", "{6511D78D-BF4F-4626-8BE5-59269ABCCA17}"
EndProject
Project("{FAE04EC0-301F-11D3-BF4B-00C04F79EFBC}") = "TileDemo", "..\TileDemo\TileDemo\TileDemo\TileDemo.csproj", "{A457C4F9-060C-4136-8984-311996E19FF6}"
EndProject
Project("{FAE04EC0-301F-11D3-BF4B-00C04F79EFBC}") = "TileDemoContent", "..\TileDemo\TileDemo\TileDemoContent\TileDemoContent.contentproj", "{C10A9B67-A467-4C6B-A9E9-D7C615B6CA04}"
EndProject
Project("{FAE04EC0-301F-11D3-BF4B-00C04F79EFBC}") = "TowerDefence", "..\TowerDefence\TowerDefence\TowerDefence\TowerDefence.csproj", "{9918DE3B-C1A3-4560-BE94-D1613459006C}"
EndProject
Project("{FAE04EC0-301F-11D3-BF4B-00C04F79EFBC}") = "TowerLibrary", "..\TowerDefence\TowerDefence\TowerLibrary\TowerLibrary.csproj", "{011C0099-AEC2-4543-BE31-C2C2F3902103}"
EndProject
Project("{FAE04EC0-301F-11D3-BF4B-00C04F79EFBC}") = "TowerPipeline", "..\TowerDefence\TowerDefence\TowerPipeline\TowerPipeline.csproj", "{C0F2F816-09C9-4AEF-A14B-50338B415AA7}"
EndProject
Project("{FAE04EC0-301F-11D3-BF4B-00C04F79EFBC}") = "TowerDefenceContent", "..\TowerDefence\TowerDefence\TowerDefence\Content\TowerDefenceContent.contentproj", "{DD743AD9-77FE-423F-BA47-347AE2213924}"
EndProject
Global
	GlobalSection(SolutionConfigurationPlatforms) = preSolution
		Debug|Any CPU = Debug|Any CPU
		Debug|Mixed Platforms = Debug|Mixed Platforms
		Debug|x86 = Debug|x86
		Debug|Xbox 360 = Debug|Xbox 360
		Release|Any CPU = Release|Any CPU
		Release|Mixed Platforms = Release|Mixed Platforms
		Release|x86 = Release|x86
		Release|Xbox 360 = Release|Xbox 360
	EndGlobalSection
	GlobalSection(ProjectConfigurationPlatforms) = postSolution
		{E1E570FE-2ECB-4AAE-A04A-E2CB9038D229}.Debug|Any CPU.ActiveCfg = Debug|x86
		{E1E570FE-2ECB-4AAE-A04A-E2CB9038D229}.Debug|Mixed Platforms.ActiveCfg = Debug|x86
		{E1E570FE-2ECB-4AAE-A04A-E2CB9038D229}.Debug|Mixed Platforms.Build.0 = Debug|x86
		{E1E570FE-2ECB-4AAE-A04A-E2CB9038D229}.Debug|x86.ActiveCfg = Debug|x86
		{E1E570FE-2ECB-4AAE-A04A-E2CB9038D229}.Debug|x86.Build.0 = Debug|x86
		{E1E570FE-2ECB-4AAE-A04A-E2CB9038D229}.Debug|Xbox 360.ActiveCfg = Debug|x86
		{E1E570FE-2ECB-4AAE-A04A-E2CB9038D229}.Release|Any CPU.ActiveCfg = Release|x86
		{E1E570FE-2ECB-4AAE-A04A-E2CB9038D229}.Release|Mixed Platforms.ActiveCfg = Release|x86
		{E1E570FE-2ECB-4AAE-A04A-E2CB9038D229}.Release|Mixed Platforms.Build.0 = Release|x86
		{E1E570FE-2ECB-4AAE-A04A-E2CB9038D229}.Release|x86.ActiveCfg = Release|x86
		{E1E570FE-2ECB-4AAE-A04A-E2CB9038D229}.Release|x86.Build.0 = Release|x86
		{E1E570FE-2ECB-4AAE-A04A-E2CB9038D229}.Release|Xbox 360.ActiveCfg = Release|x86
		{0F5853B0-FD05-4C1E-B65F-1975F277BBC8}.Debug|Any CPU.ActiveCfg = Debug|x86
		{0F5853B0-FD05-4C1E-B65F-1975F277BBC8}.Debug|Mixed Platforms.ActiveCfg = Debug|x86
		{0F5853B0-FD05-4C1E-B65F-1975F277BBC8}.Debug|x86.ActiveCfg = Debug|x86
		{0F5853B0-FD05-4C1E-B65F-1975F277BBC8}.Debug|Xbox 360.ActiveCfg = Debug|x86
		{0F5853B0-FD05-4C1E-B65F-1975F277BBC8}.Release|Any CPU.ActiveCfg = Release|x86
		{0F5853B0-FD05-4C1E-B65F-1975F277BBC8}.Release|Mixed Platforms.ActiveCfg = Release|x86
		{0F5853B0-FD05-4C1E-B65F-1975F277BBC8}.Release|x86.ActiveCfg = Release|x86
		{0F5853B0-FD05-4C1E-B65F-1975F277BBC8}.Release|Xbox 360.ActiveCfg = Release|x86
		{8E593728-54C7-4CD0-923B-D4B2237E8D03}.Debug|Any CPU.ActiveCfg = Debug|x86
		{8E593728-54C7-4CD0-923B-D4B2237E8D03}.Debug|Mixed Platforms.ActiveCfg = Debug|x86
		{8E593728-54C7-4CD0-923B-D4B2237E8D03}.Debug|Mixed Platforms.Build.0 = Debug|x86
		{8E593728-54C7-4CD0-923B-D4B2237E8D03}.Debug|x86.ActiveCfg = Debug|x86
		{8E593728-54C7-4CD0-923B-D4B2237E8D03}.Debug|x86.Build.0 = Debug|x86
		{8E593728-54C7-4CD0-923B-D4B2237E8D03}.Debug|Xbox 360.ActiveCfg = Debug|x86
		{8E593728-54C7-4CD0-923B-D4B2237E8D03}.Release|Any CPU.ActiveCfg = Release|x86
		{8E593728-54C7-4CD0-923B-D4B2237E8D03}.Release|Mixed Platforms.ActiveCfg = Release|x86
		{8E593728-54C7-4CD0-923B-D4B2237E8D03}.Release|Mixed Platforms.Build.0 = Release|x86
		{8E593728-54C7-4CD0-923B-D4B2237E8D03}.Release|x86.ActiveCfg = Release|x86
		{8E593728-54C7-4CD0-923B-D4B2237E8D03}.Release|x86.Build.0 = Release|x86
		{8E593728-54C7-4CD0-923B-D4B2237E8D03}.Release|Xbox 360.ActiveCfg = Release|x86
		{1B8244FC-6B59-4FAA-A1A6-CA0510BADF1A}.Debug|Any CPU.ActiveCfg = Debug|x86
		{1B8244FC-6B59-4FAA-A1A6-CA0510BADF1A}.Debug|Mixed Platforms.ActiveCfg = Debug|x86
		{1B8244FC-6B59-4FAA-A1A6-CA0510BADF1A}.Debug|x86.ActiveCfg = Debug|x86
		{1B8244FC-6B59-4FAA-A1A6-CA0510BADF1A}.Debug|Xbox 360.ActiveCfg = Debug|x86
		{1B8244FC-6B59-4FAA-A1A6-CA0510BADF1A}.Release|Any CPU.ActiveCfg = Release|x86
		{1B8244FC-6B59-4FAA-A1A6-CA0510BADF1A}.Release|Mixed Platforms.ActiveCfg = Release|x86
		{1B8244FC-6B59-4FAA-A1A6-CA0510BADF1A}.Release|x86.ActiveCfg = Release|x86
		{1B8244FC-6B59-4FAA-A1A6-CA0510BADF1A}.Release|Xbox 360.ActiveCfg = Release|x86
		{12FB1AE5-C713-4DB0-B059-27A7E4B273EE}.Debug|Any CPU.ActiveCfg = Debug|x86
		{12FB1AE5-C713-4DB0-B059-27A7E4B273EE}.Debug|Mixed Platforms.ActiveCfg = Debug|x86
		{12FB1AE5-C713-4DB0-B059-27A7E4B273EE}.Debug|Mixed Platforms.Build.0 = Debug|x86
		{12FB1AE5-C713-4DB0-B059-27A7E4B273EE}.Debug|x86.ActiveCfg = Debug|x86
		{12FB1AE5-C713-4DB0-B059-27A7E4B273EE}.Debug|x86.Build.0 = Debug|x86
		{12FB1AE5-C713-4DB0-B059-27A7E4B273EE}.Debug|Xbox 360.ActiveCfg = Debug|x86
		{12FB1AE5-C713-4DB0-B059-27A7E4B273EE}.Release|Any CPU.ActiveCfg = Release|x86
		{12FB1AE5-C713-4DB0-B059-27A7E4B273EE}.Release|Mixed Platforms.ActiveCfg = Release|x86
		{12FB1AE5-C713-4DB0-B059-27A7E4B273EE}.Release|Mixed Platforms.Build.0 = Release|x86
		{12FB1AE5-C713-4DB0-B059-27A7E4B273EE}.Release|x86.ActiveCfg = Release|x86
		{12FB1AE5-C713-4DB0-B059-27A7E4B273EE}.Release|x86.Build.0 = Release|x86
		{12FB1AE5-C713-4DB0-B059-27A7E4B273EE}.Release|Xbox 360.ActiveCfg = Release|x86
		{6511D78D-BF4F-4626-8BE5-59269ABCCA17}.Debug|Any CPU.ActiveCfg = Debug|x86
		{6511D78D-BF4F-4626-8BE5-59269ABCCA17}.Debug|Mixed Platforms.ActiveCfg = Debug|x86
		{6511D78D-BF4F-4626-8BE5-59269ABCCA17}.Debug|x86.ActiveCfg = Debug|x86
		{6511D78D-BF4F-4626-8BE5-59269ABCCA17}.Debug|Xbox 360.ActiveCfg = Debug|x86
		{6511D78D-BF4F-4626-8BE5-59269ABCCA17}.Release|Any CPU.ActiveCfg = Release|x86
		{6511D78D-BF4F-4626-8BE5-59269ABCCA17}.Release|Mixed Platforms.ActiveCfg = Release|x86
		{6511D78D-BF4F-4626-8BE5-59269ABCCA17}.Release|x86.ActiveCfg = Release|x86
		{6511D78D-BF4F-4626-8BE5-59269ABCCA17}.Release|Xbox 360.ActiveCfg = Release|x86
		{A457C4F9-060C-4136-8984-311996E19FF6}.Debug|Any CPU.ActiveCfg = Debug|x86
		{A457C4F9-060C-4136-8984-311996E19FF6}.Debug|Mixed Platforms.ActiveCfg = Debug|x86
		{A457C4F9-060C-4136-8984-311996E19FF6}.Debug|Mixed Platforms.Build.0 = Debug|x86
		{A457C4F9-060C-4136-8984-311996E19FF6}.Debug|x86.ActiveCfg = Debug|x86
		{A457C4F9-060C-4136-8984-311996E19FF6}.Debug|x86.Build.0 = Debug|x86
		{A457C4F9-060C-4136-8984-311996E19FF6}.Debug|Xbox 360.ActiveCfg = Debug|x86
		{A457C4F9-060C-4136-8984-311996E19FF6}.Release|Any CPU.ActiveCfg = Release|x86
		{A457C4F9-060C-4136-8984-311996E19FF6}.Release|Mixed Platforms.ActiveCfg = Release|x86
		{A457C4F9-060C-4136-8984-311996E19FF6}.Release|Mixed Platforms.Build.0 = Release|x86
		{A457C4F9-060C-4136-8984-311996E19FF6}.Release|x86.ActiveCfg = Release|x86
		{A457C4F9-060C-4136-8984-311996E19FF6}.Release|x86.Build.0 = Release|x86
		{A457C4F9-060C-4136-8984-311996E19FF6}.Release|Xbox 360.ActiveCfg = Release|x86
		{C10A9B67-A467-4C6B-A9E9-D7C615B6CA04}.Debug|Any CPU.ActiveCfg = Debug|x86
		{C10A9B67-A467-4C6B-A9E9-D7C615B6CA04}.Debug|Mixed Platforms.ActiveCfg = Debug|x86
		{C10A9B67-A467-4C6B-A9E9-D7C615B6CA04}.Debug|x86.ActiveCfg = Debug|x86
		{C10A9B67-A467-4C6B-A9E9-D7C615B6CA04}.Debug|Xbox 360.ActiveCfg = Debug|x86
		{C10A9B67-A467-4C6B-A9E9-D7C615B6CA04}.Release|Any CPU.ActiveCfg = Release|x86
		{C10A9B67-A467-4C6B-A9E9-D7C615B6CA04}.Release|Mixed Platforms.ActiveCfg = Release|x86
		{C10A9B67-A467-4C6B-A9E9-D7C615B6CA04}.Release|x86.ActiveCfg = Release|x86
		{C10A9B67-A467-4C6B-A9E9-D7C615B6CA04}.Release|Xbox 360.ActiveCfg = Release|x86
		{9918DE3B-C1A3-4560-BE94-D1613459006C}.Debug|Any CPU.ActiveCfg = Debug|x86
		{9918DE3B-C1A3-4560-BE94-D1613459006C}.Debug|Mixed Platforms.ActiveCfg = Debug|x86
		{9918DE3B-C1A3-4560-BE94-D1613459006C}.Debug|Mixed Platforms.Build.0 = Debug|x86
		{9918DE3B-C1A3-4560-BE94-D1613459006C}.Debug|x86.ActiveCfg = Debug|x86
		{9918DE3B-C1A3-4560-BE94-D1613459006C}.Debug|x86.Build.0 = Debug|x86
		{9918DE3B-C1A3-4560-BE94-D1613459006C}.Debug|Xbox 360.ActiveCfg = Debug|x86
		{9918DE3B-C1A3-4560-BE94-D1613459006C}.Release|Any CPU.ActiveCfg = Release|x86
		{9918DE3B-C1A3-4560-BE94-D1613459006C}.Release|Mixed Platforms.ActiveCfg = Release|x86
		{9918DE3B-C1A3-4560-BE94-D1613459006C}.Release|Mixed Platforms.Build.0 = Release|x86
		{9918DE3B-C1A3-4560-BE94-D1613459006C}.Release|x86.ActiveCfg = Release|x86
		{9918DE3B-C1A3-4560-BE94-D1613459006C}.Release|x86.Build.0 = Release|x86
		{9918DE3B-C1A3-4560-BE94-D1613459006C}.Release|Xbox 360.ActiveCfg = Release|x86
		{011C0099-AEC2-4543-BE31-C2C2F3902103}.Debug|Any CPU.ActiveCfg = Debug|x86
		{011C0099-AEC2-4543-BE31-C2C2F3902103}.Debug|Mixed Platforms.ActiveCfg = Debug|x86
		{011C0099-AEC2-4543-BE31-C2C2F3902103}.Debug|Mixed Platforms.Build.0 = Debug|x86
		{011C0099-AEC2-4543-BE31-C2C2F3902103}.Debug|x86.ActiveCfg = Debug|x86
		{011C0099-AEC2-4543-BE31-C2C2F3902103}.Debug|x86.Build.0 = Debug|x86
		{011C0099-AEC2-4543-BE31-C2C2F3902103}.Debug|Xbox 360.ActiveCfg = Debug|x86
		{011C0099-AEC2-4543-BE31-C2C2F3902103}.Release|Any CPU.ActiveCfg = Release|x86
		{011C0099-AEC2-4543-BE31-C2C2F3902103}.Release|Mixed Platforms.ActiveCfg = Release|x86
		{011C0099-AEC2-4543-BE31-C2C2F3902103}.Release|Mixed Platforms.Build.0 = Release|x86
		{011C0099-AEC2-4543-BE31-C2C2F3902103}.Release|x86.ActiveCfg = Release|x86
		{011C0099-AEC2-4543-BE31-C2C2F3902103}.Release|x86.Build.0 = Release|x86
		{011C0099-AEC2-4543-BE31-C2C2F3902103}.Release|Xbox 360.ActiveCfg = Release|x86
		{C0F2F816-09C9-4AEF-A14B-50338B415AA7}.Debug|Any CPU.ActiveCfg = Debug|Xbox 360
		{C0F2F816-09C9-4AEF-A14B-50338B415AA7}.Debug|Any CPU.Build.0 = Debug|Xbox 360
		{C0F2F816-09C9-4AEF-A14B-50338B415AA7}.Debug|Mixed Platforms.ActiveCfg = Debug|Xbox 360
		{C0F2F816-09C9-4AEF-A14B-50338B415AA7}.Debug|Mixed Platforms.Build.0 = Debug|Xbox 360
		{C0F2F816-09C9-4AEF-A14B-50338B415AA7}.Debug|x86.ActiveCfg = Debug|x86
		{C0F2F816-09C9-4AEF-A14B-50338B415AA7}.Debug|x86.Build.0 = Debug|x86
		{C0F2F816-09C9-4AEF-A14B-50338B415AA7}.Debug|Xbox 360.ActiveCfg = Debug|Xbox 360
		{C0F2F816-09C9-4AEF-A14B-50338B415AA7}.Debug|Xbox 360.Build.0 = Debug|Xbox 360
		{C0F2F816-09C9-4AEF-A14B-50338B415AA7}.Release|Any CPU.ActiveCfg = Release|Xbox 360
		{C0F2F816-09C9-4AEF-A14B-50338B415AA7}.Release|Any CPU.Build.0 = Release|Xbox 360
		{C0F2F816-09C9-4AEF-A14B-50338B415AA7}.Release|Mixed Platforms.ActiveCfg = Release|Xbox 360
		{C0F2F816-09C9-4AEF-A14B-50338B415AA7}.Release|Mixed Platforms.Build.0 = Release|Xbox 360
		{C0F2F816-09C9-4AEF-A14B-50338B415AA7}.Release|x86.ActiveCfg = Release|x86
		{C0F2F816-09C9-4AEF-A14B-50338B415AA7}.Release|x86.Build.0 = Release|x86
		{C0F2F816-09C9-4AEF-A14B-50338B415AA7}.Release|Xbox 360.ActiveCfg = Release|Xbox 360
		{C0F2F816-09C9-4AEF-A14B-50338B415AA7}.Release|Xbox 360.Build.0 = Release|Xbox 360
		{DD743AD9-77FE-423F-BA47-347AE2213924}.Debug|Any CPU.ActiveCfg = Debug|x86
		{DD743AD9-77FE-423F-BA47-347AE2213924}.Debug|Mixed Platforms.ActiveCfg = Debug|x86
		{DD743AD9-77FE-423F-BA47-347AE2213924}.Debug|x86.ActiveCfg = Debug|x86
		{DD743AD9-77FE-423F-BA47-347AE2213924}.Debug|Xbox 360.ActiveCfg = Debug|x86
		{DD743AD9-77FE-423F-BA47-347AE2213924}.Release|Any CPU.ActiveCfg = Release|x86
		{DD743AD9-77FE-423F-BA47-347AE2213924}.Release|Mixed Platforms.ActiveCfg = Release|x86
		{DD743AD9-77FE-423F-BA47-347AE2213924}.Release|x86.ActiveCfg = Release|x86
		{DD743AD9-77FE-423F-BA47-347AE2213924}.Release|Xbox 360.ActiveCfg = Release|x86
	EndGlobalSection
	GlobalSection(SolutionProperties) = preSolution
		HideSolutionNode = FALSE
	EndGlobalSection
EndGlobal
